// !$*UTF8*$!
{
	archiveVersion = 1;
	classes = {
	};
	objectVersion = 46;
	objects = {

/* Begin PBXBuildFile section */
		B2BF11581AE82F2A00961C5B /* AppDelegate.swift in Sources */ = {isa = PBXBuildFile; fileRef = B2BF11571AE82F2A00961C5B /* AppDelegate.swift */; };
		B2BF115A1AE82F2A00961C5B /* ViewController.swift in Sources */ = {isa = PBXBuildFile; fileRef = B2BF11591AE82F2A00961C5B /* ViewController.swift */; };
		B2BF115D1AE82F2A00961C5B /* Main.storyboard in Resources */ = {isa = PBXBuildFile; fileRef = B2BF115B1AE82F2A00961C5B /* Main.storyboard */; };
		B2BF115F1AE82F2A00961C5B /* Images.xcassets in Resources */ = {isa = PBXBuildFile; fileRef = B2BF115E1AE82F2A00961C5B /* Images.xcassets */; };
		B2BF11621AE82F2A00961C5B /* LaunchScreen.xib in Resources */ = {isa = PBXBuildFile; fileRef = B2BF11601AE82F2A00961C5B /* LaunchScreen.xib */; };
		B2BF116E1AE82F2B00961C5B /* HW_CoreGraphicsTests.swift in Sources */ = {isa = PBXBuildFile; fileRef = B2BF116D1AE82F2B00961C5B /* HW_CoreGraphicsTests.swift */; };
		B2FCA72B1AE9757600258C39 /* Line.swift in Sources */ = {isa = PBXBuildFile; fileRef = B2FCA72A1AE9757600258C39 /* Line.swift */; };
		B2FCA72D1AE97D8600258C39 /* Branch.swift in Sources */ = {isa = PBXBuildFile; fileRef = B2FCA72C1AE97D8600258C39 /* Branch.swift */; };
/* End PBXBuildFile section */

/* Begin PBXContainerItemProxy section */
		B2BF11681AE82F2A00961C5B /* PBXContainerItemProxy */ = {
			isa = PBXContainerItemProxy;
			containerPortal = B2BF114A1AE82F2A00961C5B /* Project object */;
			proxyType = 1;
			remoteGlobalIDString = B2BF11511AE82F2A00961C5B;
			remoteInfo = HW_CoreGraphics;
		};
/* End PBXContainerItemProxy section */

/* Begin PBXFileReference section */
		B2BF11521AE82F2A00961C5B /* HW_CoreGraphics.app */ = {isa = PBXFileReference; explicitFileType = wrapper.application; includeInIndex = 0; path = HW_CoreGraphics.app; sourceTree = BUILT_PRODUCTS_DIR; };
		B2BF11561AE82F2A00961C5B /* Info.plist */ = {isa = PBXFileReference; lastKnownFileType = text.plist.xml; path = Info.plist; sourceTree = "<group>"; };
		B2BF11571AE82F2A00961C5B /* AppDelegate.swift */ = {isa = PBXFileReference; lastKnownFileType = sourcecode.swift; path = AppDelegate.swift; sourceTree = "<group>"; };
		B2BF11591AE82F2A00961C5B /* ViewController.swift */ = {isa = PBXFileReference; lastKnownFileType = sourcecode.swift; path = ViewController.swift; sourceTree = "<group>"; };
		B2BF115C1AE82F2A00961C5B /* Base */ = {isa = PBXFileReference; lastKnownFileType = file.storyboard; name = Base; path = Base.lproj/Main.storyboard; sourceTree = "<group>"; };
		B2BF115E1AE82F2A00961C5B /* Images.xcassets */ = {isa = PBXFileReference; lastKnownFileType = folder.assetcatalog; path = Images.xcassets; sourceTree = "<group>"; };
		B2BF11611AE82F2A00961C5B /* Base */ = {isa = PBXFileReference; lastKnownFileType = file.xib; name = Base; path = Base.lproj/LaunchScreen.xib; sourceTree = "<group>"; };
		B2BF11671AE82F2A00961C5B /* HW_CoreGraphicsTests.xctest */ = {isa = PBXFileReference; explicitFileType = wrapper.cfbundle; includeInIndex = 0; path = HW_CoreGraphicsTests.xctest; sourceTree = BUILT_PRODUCTS_DIR; };
		B2BF116C1AE82F2B00961C5B /* Info.plist */ = {isa = PBXFileReference; lastKnownFileType = text.plist.xml; path = Info.plist; sourceTree = "<group>"; };
		B2BF116D1AE82F2B00961C5B /* HW_CoreGraphicsTests.swift */ = {isa = PBXFileReference; lastKnownFileType = sourcecode.swift; path = HW_CoreGraphicsTests.swift; sourceTree = "<group>"; };
		B2FCA72A1AE9757600258C39 /* Line.swift */ = {isa = PBXFileReference; fileEncoding = 4; lastKnownFileType = sourcecode.swift; path = Line.swift; sourceTree = "<group>"; };
		B2FCA72C1AE97D8600258C39 /* Branch.swift */ = {isa = PBXFileReference; fileEncoding = 4; lastKnownFileType = sourcecode.swift; path = Branch.swift; sourceTree = "<group>"; };
/* End PBXFileReference section */

/* Begin PBXFrameworksBuildPhase section */
		B2BF114F1AE82F2A00961C5B /* Frameworks */ = {
			isa = PBXFrameworksBuildPhase;
			buildActionMask = 2147483647;
			files = (
			);
			runOnlyForDeploymentPostprocessing = 0;
		};
		B2BF11641AE82F2A00961C5B /* Frameworks */ = {
			isa = PBXFrameworksBuildPhase;
			buildActionMask = 2147483647;
			files = (
			);
			runOnlyForDeploymentPostprocessing = 0;
		};
/* End PBXFrameworksBuildPhase section */

/* Begin PBXGroup section */
		B2BF11491AE82F2A00961C5B = {
			isa = PBXGroup;
			children = (
				B2BF11541AE82F2A00961C5B /* HW_CoreGraphics */,
				B2BF116A1AE82F2B00961C5B /* HW_CoreGraphicsTests */,
				B2BF11531AE82F2A00961C5B /* Products */,
			);
			sourceTree = "<group>";
		};
		B2BF11531AE82F2A00961C5B /* Products */ = {
			isa = PBXGroup;
			children = (
				B2BF11521AE82F2A00961C5B /* HW_CoreGraphics.app */,
				B2BF11671AE82F2A00961C5B /* HW_CoreGraphicsTests.xctest */,
			);
			name = Products;
			sourceTree = "<group>";
		};
		B2BF11541AE82F2A00961C5B /* HW_CoreGraphics */ = {
			isa = PBXGroup;
			children = (
				B2BF11571AE82F2A00961C5B /* AppDelegate.swift */,
				B2BF11591AE82F2A00961C5B /* ViewController.swift */,
				B2FCA72A1AE9757600258C39 /* Line.swift */,
				B2FCA72C1AE97D8600258C39 /* Branch.swift */,
				B2BF115B1AE82F2A00961C5B /* Main.storyboard */,
				B2BF115E1AE82F2A00961C5B /* Images.xcassets */,
				B2BF11601AE82F2A00961C5B /* LaunchScreen.xib */,
				B2BF11551AE82F2A00961C5B /* Supporting Files */,
			);
			path = HW_CoreGraphics;
			sourceTree = "<group>";
		};
		B2BF11551AE82F2A00961C5B /* Supporting Files */ = {
			isa = PBXGroup;
			children = (
				B2BF11561AE82F2A00961C5B /* Info.plist */,
			);
			name = "Supporting Files";
			sourceTree = "<group>";
		};
		B2BF116A1AE82F2B00961C5B /* HW_CoreGraphicsTests */ = {
			isa = PBXGroup;
			children = (
				B2BF116D1AE82F2B00961C5B /* HW_CoreGraphicsTests.swift */,
				B2BF116B1AE82F2B00961C5B /* Supporting Files */,
			);
			path = HW_CoreGraphicsTests;
			sourceTree = "<group>";
		};
		B2BF116B1AE82F2B00961C5B /* Supporting Files */ = {
			isa = PBXGroup;
			children = (
				B2BF116C1AE82F2B00961C5B /* Info.plist */,
			);
			name = "Supporting Files";
			sourceTree = "<group>";
		};
/* End PBXGroup section */

/* Begin PBXNativeTarget section */
		B2BF11511AE82F2A00961C5B /* HW_CoreGraphics */ = {
			isa = PBXNativeTarget;
			buildConfigurationList = B2BF11711AE82F2B00961C5B /* Build configuration list for PBXNativeTarget "HW_CoreGraphics" */;
			buildPhases = (
				B2BF114E1AE82F2A00961C5B /* Sources */,
				B2BF114F1AE82F2A00961C5B /* Frameworks */,
				B2BF11501AE82F2A00961C5B /* Resources */,
			);
			buildRules = (
			);
			dependencies = (
			);
			name = HW_CoreGraphics;
			productName = HW_CoreGraphics;
			productReference = B2BF11521AE82F2A00961C5B /* HW_CoreGraphics.app */;
			productType = "com.apple.product-type.application";
		};
		B2BF11661AE82F2A00961C5B /* HW_CoreGraphicsTests */ = {
			isa = PBXNativeTarget;
			buildConfigurationList = B2BF11741AE82F2B00961C5B /* Build configuration list for PBXNativeTarget "HW_CoreGraphicsTests" */;
			buildPhases = (
				B2BF11631AE82F2A00961C5B /* Sources */,
				B2BF11641AE82F2A00961C5B /* Frameworks */,
				B2BF11651AE82F2A00961C5B /* Resources */,
			);
			buildRules = (
			);
			dependencies = (
				B2BF11691AE82F2A00961C5B /* PBXTargetDependency */,
			);
			name = HW_CoreGraphicsTests;
			productName = HW_CoreGraphicsTests;
			productReference = B2BF11671AE82F2A00961C5B /* HW_CoreGraphicsTests.xctest */;
			productType = "com.apple.product-type.bundle.unit-test";
		};
/* End PBXNativeTarget section */

/* Begin PBXProject section */
		B2BF114A1AE82F2A00961C5B /* Project object */ = {
			isa = PBXProject;
			attributes = {
				LastUpgradeCheck = 0630;
				ORGANIZATIONNAME = Gena;
				TargetAttributes = {
					B2BF11511AE82F2A00961C5B = {
						CreatedOnToolsVersion = 6.3;
					};
					B2BF11661AE82F2A00961C5B = {
						CreatedOnToolsVersion = 6.3;
						TestTargetID = B2BF11511AE82F2A00961C5B;
					};
				};
			};
			buildConfigurationList = B2BF114D1AE82F2A00961C5B /* Build configuration list for PBXProject "HW_CoreGraphics" */;
			compatibilityVersion = "Xcode 3.2";
			developmentRegion = English;
			hasScannedForEncodings = 0;
			knownRegions = (
				en,
				Base,
			);
			mainGroup = B2BF11491AE82F2A00961C5B;
			productRefGroup = B2BF11531AE82F2A00961C5B /* Products */;
			projectDirPath = "";
			projectRoot = "";
			targets = (
				B2BF11511AE82F2A00961C5B /* HW_CoreGraphics */,
				B2BF11661AE82F2A00961C5B /* HW_CoreGraphicsTests */,
			);
		};
/* End PBXProject section */

/* Begin PBXResourcesBuildPhase section */
		B2BF11501AE82F2A00961C5B /* Resources */ = {
			isa = PBXResourcesBuildPhase;
			buildActionMask = 2147483647;
			files = (
				B2BF115D1AE82F2A00961C5B /* Main.storyboard in Resources */,
				B2BF11621AE82F2A00961C5B /* LaunchScreen.xib in Resources */,
				B2BF115F1AE82F2A00961C5B /* Images.xcassets in Resources */,
			);
			runOnlyForDeploymentPostprocessing = 0;
		};
		B2BF11651AE82F2A00961C5B /* Resources */ = {
			isa = PBXResourcesBuildPhase;
			buildActionMask = 2147483647;
			files = (
			);
			runOnlyForDeploymentPostprocessing = 0;
		};
/* End PBXResourcesBuildPhase section */

/* Begin PBXSourcesBuildPhase section */
		B2BF114E1AE82F2A00961C5B /* Sources */ = {
			isa = PBXSourcesBuildPhase;
			buildActionMask = 2147483647;
			files = (
				B2FCA72B1AE9757600258C39 /* Line.swift in Sources */,
				B2FCA72D1AE97D8600258C39 /* Branch.swift in Sources */,
				B2BF115A1AE82F2A00961C5B /* ViewController.swift in Sources */,
				B2BF11581AE82F2A00961C5B /* AppDelegate.swift in Sources */,
			);
			runOnlyForDeploymentPostprocessing = 0;
		};
		B2BF11631AE82F2A00961C5B /* Sources */ = {
			isa = PBXSourcesBuildPhase;
			buildActionMask = 2147483647;
			files = (
				B2BF116E1AE82F2B00961C5B /* HW_CoreGraphicsTests.swift in Sources */,
			);
			runOnlyForDeploymentPostprocessing = 0;
		};
/* End PBXSourcesBuildPhase section */

/* Begin PBXTargetDependency section */
		B2BF11691AE82F2A00961C5B /* PBXTargetDependency */ = {
			isa = PBXTargetDependency;
			target = B2BF11511AE82F2A00961C5B /* HW_CoreGraphics */;
			targetProxy = B2BF11681AE82F2A00961C5B /* PBXContainerItemProxy */;
		};
/* End PBXTargetDependency section */

/* Begin PBXVariantGroup section */
		B2BF115B1AE82F2A00961C5B /* Main.storyboard */ = {
			isa = PBXVariantGroup;
			children = (
				B2BF115C1AE82F2A00961C5B /* Base */,
			);
			name = Main.storyboard;
			sourceTree = "<group>";
		};
		B2BF11601AE82F2A00961C5B /* LaunchScreen.xib */ = {
			isa = PBXVariantGroup;
			children = (
				B2BF11611AE82F2A00961C5B /* Base */,
			);
			name = LaunchScreen.xib;
			sourceTree = "<group>";
		};
/* End PBXVariantGroup section */

/* Begin XCBuildConfiguration section */
		B2BF116F1AE82F2B00961C5B /* Debug */ = {
			isa = XCBuildConfiguration;
			buildSettings = {
				ALWAYS_SEARCH_USER_PATHS = NO;
				CLANG_CXX_LANGUAGE_STANDARD = "gnu++0x";
				CLANG_CXX_LIBRARY = "libc++";
				CLANG_ENABLE_MODULES = YES;
				CLANG_ENABLE_OBJC_ARC = YES;
				CLANG_WARN_BOOL_CONVERSION = YES;
				CLANG_WARN_CONSTANT_CONVERSION = YES;
				CLANG_WARN_DIRECT_OBJC_ISA_USAGE = YES_ERROR;
				CLANG_WARN_EMPTY_BODY = YES;
				CLANG_WARN_ENUM_CONVERSION = YES;
				CLANG_WARN_INT_CONVERSION = YES;
				CLANG_WARN_OBJC_ROOT_CLASS = YES_ERROR;
				CLANG_WARN_UNREACHABLE_CODE = YES;
				CLANG_WARN__DUPLICATE_METHOD_MATCH = YES;
				"CODE_SIGN_IDENTITY[sdk=iphoneos*]" = "iPhone Developer";
				COPY_PHASE_STRIP = NO;
				DEBUG_INFORMATION_FORMAT = "dwarf-with-dsym";
				ENABLE_STRICT_OBJC_MSGSEND = YES;
				GCC_C_LANGUAGE_STANDARD = gnu99;
				GCC_DYNAMIC_NO_PIC = NO;
				GCC_NO_COMMON_BLOCKS = YES;
				GCC_OPTIMIZATION_LEVEL = 0;
				GCC_PREPROCESSOR_DEFINITIONS = (
					"DEBUG=1",
					"$(inherited)",
				);
				GCC_SYMBOLS_PRIVATE_EXTERN = NO;
				GCC_WARN_64_TO_32_BIT_CONVERSION = YES;
				GCC_WARN_ABOUT_RETURN_TYPE = YES_ERROR;
				GCC_WARN_UNDECLARED_SELECTOR = YES;
				GCC_WARN_UNINITIALIZED_AUTOS = YES_AGGRESSIVE;
				GCC_WARN_UNUSED_FUNCTION = YES;
				GCC_WARN_UNUSED_VARIABLE = YES;
				IPHONEOS_DEPLOYMENT_TARGET = 8.3;
				MTL_ENABLE_DEBUG_INFO = YES;
				ONLY_ACTIVE_ARCH = YES;
				SDKROOT = iphoneos;
				SWIFT_OPTIMIZATION_LEVEL = "-Onone";
			};
			name = Debug;
		};
		B2BF11701AE82F2B00961C5B /* Release */ = {
			isa = XCBuildConfiguration;
			buildSettings = {
				ALWAYS_SEARCH_USER_PATHS = NO;
				CLANG_CXX_LANGUAGE_STANDARD = "gnu++0x";
				CLANG_CXX_LIBRARY = "libc++";
				CLANG_ENABLE_MODULES = YES;
				CLANG_ENABLE_OBJC_ARC = YES;
				CLANG_WARN_BOOL_CONVERSION = YES;
				CLANG_WARN_CONSTANT_CONVERSION = YES;
				CLANG_WARN_DIRECT_OBJC_ISA_USAGE = YES_ERROR;
				CLANG_WARN_EMPTY_BODY = YES;
				CLANG_WARN_ENUM_CONVERSION = YES;
				CLANG_WARN_INT_CONVERSION = YES;
				CLANG_WARN_OBJC_ROOT_CLASS = YES_ERROR;
				CLANG_WARN_UNREACHABLE_CODE = YES;
				CLANG_WARN__DUPLICATE_METHOD_MATCH = YES;
				"CODE_SIGN_IDENTITY[sdk=iphoneos*]" = "iPhone Developer";
				COPY_PHASE_STRIP = NO;
				DEBUG_INFORMATION_FORMAT = "dwarf-with-dsym";
				ENABLE_NS_ASSERTIONS = NO;
				ENABLE_STRICT_OBJC_MSGSEND = YES;
				GCC_C_LANGUAGE_STANDARD = gnu99;
				GCC_NO_COMMON_BLOCKS = YES;
				GCC_WARN_64_TO_32_BIT_CONVERSION = YES;
				GCC_WARN_ABOUT_RETURN_TYPE = YES_ERROR;
				GCC_WARN_UNDECLARED_SELECTOR = YES;
				GCC_WARN_UNINITIALIZED_AUTOS = YES_AGGRESSIVE;
				GCC_WARN_UNUSED_FUNCTION = YES;
				GCC_WARN_UNUSED_VARIABLE = YES;
				IPHONEOS_DEPLOYMENT_TARGET = 8.3;
				MTL_ENABLE_DEBUG_INFO = NO;
				SDKROOT = iphoneos;
				VALIDATE_PRODUCT = YES;
			};
			name = Release;
		};
		B2BF11721AE82F2B00961C5B /* Debug */ = {
			isa = XCBuildConfiguration;
			buildSettings = {
				ASSETCATALOG_COMPILER_APPICON_NAME = AppIcon;
				INFOPLIST_FILE = HW_CoreGraphics/Info.plist;
				LD_RUNPATH_SEARCH_PATHS = "$(inherited) @executable_path/Frameworks";
				PRODUCT_NAME = "$(TARGET_NAME)";
			};
			name = Debug;
		};
		B2BF11731AE82F2B00961C5B /* Release */ = {
			isa = XCBuildConfiguration;
			buildSettings = {
				ASSETCATALOG_COMPILER_APPICON_NAME = AppIcon;
				INFOPLIST_FILE = HW_CoreGraphics/Info.plist;
				LD_RUNPATH_SEARCH_PATHS = "$(inherited) @executable_path/Frameworks";
				PRODUCT_NAME = "$(TARGET_NAME)";
			};
			name = Release;
		};
		B2BF11751AE82F2B00961C5B /* Debug */ = {
			isa = XCBuildConfiguration;
			buildSettings = {
				BUNDLE_LOADER = "$(TEST_HOST)";
				FRAMEWORK_SEARCH_PATHS = (
					"$(SDKROOT)/Developer/Library/Frameworks",
					"$(inherited)",
				);
				GCC_PREPROCESSOR_DEFINITIONS = (
					"DEBUG=1",
					"$(inherited)",
				);
				INFOPLIST_FILE = HW_CoreGraphicsTests/Info.plist;
				LD_RUNPATH_SEARCH_PATHS = "$(inherited) @executable_path/Frameworks @loader_path/Frameworks";
				PRODUCT_NAME = "$(TARGET_NAME)";
				TEST_HOST = "$(BUILT_PRODUCTS_DIR)/HW_CoreGraphics.app/HW_CoreGraphics";
			};
			name = Debug;
		};
		B2BF11761AE82F2B00961C5B /* Release */ = {
			isa = XCBuildConfiguration;
			buildSettings = {
				BUNDLE_LOADER = "$(TEST_HOST)";
				FRAMEWORK_SEARCH_PATHS = (
					"$(SDKROOT)/Developer/Library/Frameworks",
					"$(inherited)",
				);
				INFOPLIST_FILE = HW_CoreGraphicsTests/Info.plist;
				LD_RUNPATH_SEARCH_PATHS = "$(inherited) @executable_path/Frameworks @loader_path/Frameworks";
				PRODUCT_NAME = "$(TARGET_NAME)";
				TEST_HOST = "$(BUILT_PRODUCTS_DIR)/HW_CoreGraphics.app/HW_CoreGraphics";
			};
			name = Release;
		};
/* End XCBuildConfiguration section */

/* Begin XCConfigurationList section */
		B2BF114D1AE82F2A00961C5B /* Build configuration list for PBXProject "HW_CoreGraphics" */ = {
			isa = XCConfigurationList;
			buildConfigurations = (
				B2BF116F1AE82F2B00961C5B /* Debug */,
				B2BF11701AE82F2B00961C5B /* Release */,
			);
			defaultConfigurationIsVisible = 0;
			defaultConfigurationName = Release;
		};
		B2BF11711AE82F2B00961C5B /* Build configuration list for PBXNativeTarget "HW_CoreGraphics" */ = {
			isa = XCConfigurationList;
			buildConfigurations = (
				B2BF11721AE82F2B00961C5B /* Debug */,
				B2BF11731AE82F2B00961C5B /* Release */,
			);
			defaultConfigurationIsVisible = 0;
			defaultConfigurationName = Release;
		};
		B2BF11741AE82F2B00961C5B /* Build configuration list for PBXNativeTarget "HW_CoreGraphicsTests" */ = {
			isa = XCConfigurationList;
			buildConfigurations = (
				B2BF11751AE82F2B00961C5B /* Debug */,
				B2BF11761AE82F2B00961C5B /* Release */,
			);
			defaultConfigurationIsVisible = 0;
			defaultConfigurationName = Release;
		};
/* End XCConfigurationList section */
	};
	rootObject = B2BF114A1AE82F2A00961C5B /* Project object */;
}
